{
    "name": "usage",
    "version": "0.0.0",
    "lockfileVersion": 3,
    "requires": true,
    "packages": {
        "": {
            "name": "usage",
            "version": "0.0.0",
            "license": "UNLICENSED",
            "dependencies": {
                "@wherejuly/http-convenience-pack": "^0.0.13"
            }
        },
        "node_modules/@wherejuly/http-convenience-pack": {
            "version": "0.0.13",
            "resolved": "https://npm.pkg.github.com/download/@wherejuly/http-convenience-pack/0.0.13/797db85fce9599324a14b5169e820e4c8bdb209c",
            "integrity": "sha512-qcenQN4LZN+llX6dCckfVqp3ZSQaDHzs9smAcTXeiIvhSkFv0pfTSi3a9Oa0VFcjVJUYxGI4ZcTULZl1MoZHeQ==",
            "license": "UNLICENSED"
        }
    }
}
