{
    "name": "usage",
    "version": "0.0.0",
    "lockfileVersion": 3,
    "requires": true,
    "packages": {
        "": {
            "name": "usage",
            "version": "0.0.0",
            "license": "UNLICENSED",
            "dependencies": {
                "@wherejuly/http-convenience-pack": "^0.0.18-beta.0"
            }
        },
        "node_modules/@wherejuly/http-convenience-pack": {
            "version": "0.0.18-beta.0",
            "resolved": "https://npm.pkg.github.com/download/@wherejuly/http-convenience-pack/0.0.18-beta.0/def0e89fdca9deb369925c3c644d4c5db492e36e",
            "integrity": "sha512-k5AJawrUDCNFS03a9hIQqxOH04Jmr85rgNCCnuezYohuB/voPWVRnbCIeyGgCOeQtnapbmOhB0+ebIU/hHQOlA==",
            "license": "UNLICENSED"
        }
    }
}
