{
    "name": "usage",
    "version": "0.0.0",
    "lockfileVersion": 3,
    "requires": true,
    "packages": {
        "": {
            "name": "usage",
            "version": "0.0.0",
            "license": "UNLICENSED",
            "dependencies": {
                "@wherejuly/http-convenience-pack": "^0.0.8"
            }
        },
        "node_modules/@wherejuly/http-convenience-pack": {
            "version": "0.0.8",
            "resolved": "https://npm.pkg.github.com/download/@wherejuly/http-convenience-pack/0.0.8/e7a7ee2f5697b5b082ec81708f540dbdff325e3a",
            "integrity": "sha512-XcCOF9HM8Vf6wFK6zugM3yGzvKK2vWxq0BXPKg7URBWnGYk7wEbcHkLqLSM9LK1XxNgdHujBNi5dlqZp9Uh6FA==",
            "license": "UNLICENSED"
        }
    }
}
